Microsoft Visual Studio Solution File, Format Version 12.00
# Visual Studio Version 17
VisualStudioVersion = 17.5.2.0
MinimumVisualStudioVersion = 10.0.40219.1
Project("{FAE04EC0-301F-11D3-BF4B-00C04F79EFBC}") = "LMUWeaver", "LMUWeaver.csproj", "{6A6DF734-8B4D-CB59-DF2E-605F3D44216B}"
EndProject
Global
	GlobalSection(SolutionConfigurationPlatforms) = preSolution
		Debug|Any CPU = Debug|Any CPU
		Release|Any CPU = Release|Any CPU
	EndGlobalSection
	GlobalSection(ProjectConfigurationPlatforms) = postSolution
		{6A6DF734-8B4D-CB59-DF2E-605F3D44216B}.Debug|Any CPU.ActiveCfg = Debug|Any CPU
		{6A6DF734-8B4D-CB59-DF2E-605F3D44216B}.Debug|Any CPU.Build.0 = Debug|Any CPU
		{6A6DF734-8B4D-CB59-DF2E-605F3D44216B}.Release|Any CPU.ActiveCfg = Release|Any CPU
		{6A6DF734-8B4D-CB59-DF2E-605F3D44216B}.Release|Any CPU.Build.0 = Release|Any CPU
	EndGlobalSection
	GlobalSection(SolutionProperties) = preSolution
		HideSolutionNode = FALSE
	EndGlobalSection
	GlobalSection(ExtensibilityGlobals) = postSolution
		SolutionGuid = {2ABC690D-B9DE-40D9-875E-01799B483BC5}
	EndGlobalSection
EndGlobal
